// !$*UTF8*$!
{
	archiveVersion = 1;
	classes = {
	};
	objectVersion = 46;
	objects = {

/* Begin PBXBuildFile section */
		DA6AC91B1C781A9900973977 /* main.m in Sources */ = {isa = PBXBuildFile; fileRef = DA6AC91A1C781A9900973977 /* main.m */; };
		DA6AC91E1C781A9900973977 /* AppDelegate.m in Sources */ = {isa = PBXBuildFile; fileRef = DA6AC91D1C781A9900973977 /* AppDelegate.m */; };
		DA6AC9211C781A9900973977 /* ViewController.m in Sources */ = {isa = PBXBuildFile; fileRef = DA6AC9201C781A9900973977 /* ViewController.m */; };
		DA6AC9241C781A9900973977 /* Main.storyboard in Resources */ = {isa = PBXBuildFile; fileRef = DA6AC9221C781A9900973977 /* Main.storyboard */; };
		DA6AC9261C781A9900973977 /* Assets.xcassets in Resources */ = {isa = PBXBuildFile; fileRef = DA6AC9251C781A9900973977 /* Assets.xcassets */; };
		DA6AC9291C781A9900973977 /* LaunchScreen.storyboard in Resources */ = {isa = PBXBuildFile; fileRef = DA6AC9271C781A9900973977 /* LaunchScreen.storyboard */; };
/* End PBXBuildFile section */

/* Begin PBXFileReference section */
		DA6AC9161C781A9900973977 /* HoedownOCDemo.app */ = {isa = PBXFileReference; explicitFileType = wrapper.application; includeInIndex = 0; path = HoedownOCDemo.app; sourceTree = BUILT_PRODUCTS_DIR; };
		DA6AC91A1C781A9900973977 /* main.m */ = {isa = PBXFileReference; lastKnownFileType = sourcecode.c.objc; path = main.m; sourceTree = "<group>"; };
		DA6AC91C1C781A9900973977 /* AppDelegate.h */ = {isa = PBXFileReference; lastKnownFileType = sourcecode.c.h; path = AppDelegate.h; sourceTree = "<group>"; };
		DA6AC91D1C781A9900973977 /* AppDelegate.m */ = {isa = PBXFileReference; lastKnownFileType = sourcecode.c.objc; path = AppDelegate.m; sourceTree = "<group>"; };
		DA6AC91F1C781A9900973977 /* ViewController.h */ = {isa = PBXFileReference; lastKnownFileType = sourcecode.c.h; path = ViewController.h; sourceTree = "<group>"; };
		DA6AC9201C781A9900973977 /* ViewController.m */ = {isa = PBXFileReference; lastKnownFileType = sourcecode.c.objc; path = ViewController.m; sourceTree = "<group>"; };
		DA6AC9231C781A9900973977 /* Base */ = {isa = PBXFileReference; lastKnownFileType = file.storyboard; name = Base; path = Base.lproj/Main.storyboard; sourceTree = "<group>"; };
		DA6AC9251C781A9900973977 /* Assets.xcassets */ = {isa = PBXFileReference; lastKnownFileType = folder.assetcatalog; path = Assets.xcassets; sourceTree = "<group>"; };
		DA6AC9281C781A9900973977 /* Base */ = {isa = PBXFileReference; lastKnownFileType = file.storyboard; name = Base; path = Base.lproj/LaunchScreen.storyboard; sourceTree = "<group>"; };
		DA6AC92A1C781A9900973977 /* Info.plist */ = {isa = PBXFileReference; lastKnownFileType = text.plist.xml; path = Info.plist; sourceTree = "<group>"; };
/* End PBXFileReference section */

/* Begin PBXFrameworksBuildPhase section */
		DA6AC9131C781A9900973977 /* Frameworks */ = {
			isa = PBXFrameworksBuildPhase;
			buildActionMask = 2147483647;
			files = (
			);
			runOnlyForDeploymentPostprocessing = 0;
		};
/* End PBXFrameworksBuildPhase section */

/* Begin PBXGroup section */
		DA6AC90D1C781A9900973977 = {
			isa = PBXGroup;
			children = (
				DA6AC9181C781A9900973977 /* HoedownOCDemo */,
				DA6AC9171C781A9900973977 /* Products */,
			);
			sourceTree = "<group>";
		};
		DA6AC9171C781A9900973977 /* Products */ = {
			isa = PBXGroup;
			children = (
				DA6AC9161C781A9900973977 /* HoedownOCDemo.app */,
			);
			name = Products;
			sourceTree = "<group>";
		};
		DA6AC9181C781A9900973977 /* HoedownOCDemo */ = {
			isa = PBXGroup;
			children = (
				DA6AC91C1C781A9900973977 /* AppDelegate.h */,
				DA6AC91D1C781A9900973977 /* AppDelegate.m */,
				DA6AC91F1C781A9900973977 /* ViewController.h */,
				DA6AC9201C781A9900973977 /* ViewController.m */,
				DA6AC9221C781A9900973977 /* Main.storyboard */,
				DA6AC9251C781A9900973977 /* Assets.xcassets */,
				DA6AC9271C781A9900973977 /* LaunchScreen.storyboard */,
				DA6AC92A1C781A9900973977 /* Info.plist */,
				DA6AC9191C781A9900973977 /* Supporting Files */,
			);
			path = HoedownOCDemo;
			sourceTree = "<group>";
		};
		DA6AC9191C781A9900973977 /* Supporting Files */ = {
			isa = PBXGroup;
			children = (
				DA6AC91A1C781A9900973977 /* main.m */,
			);
			name = "Supporting Files";
			sourceTree = "<group>";
		};
/* End PBXGroup section */

/* Begin PBXNativeTarget section */
		DA6AC9151C781A9900973977 /* HoedownOCDemo */ = {
			isa = PBXNativeTarget;
			buildConfigurationList = DA6AC92D1C781A9900973977 /* Build configuration list for PBXNativeTarget "HoedownOCDemo" */;
			buildPhases = (
				DA6AC9121C781A9900973977 /* Sources */,
				DA6AC9131C781A9900973977 /* Frameworks */,
				DA6AC9141C781A9900973977 /* Resources */,
			);
			buildRules = (
			);
			dependencies = (
			);
			name = HoedownOCDemo;
			productName = HoedownOCDemo;
			productReference = DA6AC9161C781A9900973977 /* HoedownOCDemo.app */;
			productType = "com.apple.product-type.application";
		};
/* End PBXNativeTarget section */

/* Begin PBXProject section */
		DA6AC90E1C781A9900973977 /* Project object */ = {
			isa = PBXProject;
			attributes = {
				LastUpgradeCheck = 0720;
				ORGANIZATIONNAME = marboo;
				TargetAttributes = {
					DA6AC9151C781A9900973977 = {
						CreatedOnToolsVersion = 7.2;
					};
				};
			};
			buildConfigurationList = DA6AC9111C781A9900973977 /* Build configuration list for PBXProject "HoedownOCDemo" */;
			compatibilityVersion = "Xcode 3.2";
			developmentRegion = English;
			hasScannedForEncodings = 0;
			knownRegions = (
				en,
				Base,
			);
			mainGroup = DA6AC90D1C781A9900973977;
			productRefGroup = DA6AC9171C781A9900973977 /* Products */;
			projectDirPath = "";
			projectRoot = "";
			targets = (
				DA6AC9151C781A9900973977 /* HoedownOCDemo */,
			);
		};
/* End PBXProject section */

/* Begin PBXResourcesBuildPhase section */
		DA6AC9141C781A9900973977 /* Resources */ = {
			isa = PBXResourcesBuildPhase;
			buildActionMask = 2147483647;
			files = (
				DA6AC9291C781A9900973977 /* LaunchScreen.storyboard in Resources */,
				DA6AC9261C781A9900973977 /* Assets.xcassets in Resources */,
				DA6AC9241C781A9900973977 /* Main.storyboard in Resources */,
			);
			runOnlyForDeploymentPostprocessing = 0;
		};
/* End PBXResourcesBuildPhase section */

/* Begin PBXSourcesBuildPhase section */
		DA6AC9121C781A9900973977 /* Sources */ = {
			isa = PBXSourcesBuildPhase;
			buildActionMask = 2147483647;
			files = (
				DA6AC9211C781A9900973977 /* ViewController.m in Sources */,
				DA6AC91E1C781A9900973977 /* AppDelegate.m in Sources */,
				DA6AC91B1C781A9900973977 /* main.m in Sources */,
			);
			runOnlyForDeploymentPostprocessing = 0;
		};
/* End PBXSourcesBuildPhase section */

/* Begin PBXVariantGroup section */
		DA6AC9221C781A9900973977 /* Main.storyboard */ = {
			isa = PBXVariantGroup;
			children = (
				DA6AC9231C781A9900973977 /* Base */,
			);
			name = Main.storyboard;
			sourceTree = "<group>";
		};
		DA6AC9271C781A9900973977 /* LaunchScreen.storyboard */ = {
			isa = PBXVariantGroup;
			children = (
				DA6AC9281C781A9900973977 /* Base */,
			);
			name = LaunchScreen.storyboard;
			sourceTree = "<group>";
		};
/* End PBXVariantGroup section */

/* Begin XCBuildConfiguration section */
		DA6AC92B1C781A9900973977 /* Debug */ = {
			isa = XCBuildConfiguration;
			buildSettings = {
				ALWAYS_SEARCH_USER_PATHS = NO;
				CLANG_CXX_LANGUAGE_STANDARD = "gnu++0x";
				CLANG_CXX_LIBRARY = "libc++";
				CLANG_ENABLE_MODULES = YES;
				CLANG_ENABLE_OBJC_ARC = YES;
				CLANG_WARN_BOOL_CONVERSION = YES;
				CLANG_WARN_CONSTANT_CONVERSION = YES;
				CLANG_WARN_DIRECT_OBJC_ISA_USAGE = YES_ERROR;
				CLANG_WARN_EMPTY_BODY = YES;
				CLANG_WARN_ENUM_CONVERSION = YES;
				CLANG_WARN_INT_CONVERSION = YES;
				CLANG_WARN_OBJC_ROOT_CLASS = YES_ERROR;
				CLANG_WARN_UNREACHABLE_CODE = YES;
				CLANG_WARN__DUPLICATE_METHOD_MATCH = YES;
				"CODE_SIGN_IDENTITY[sdk=iphoneos*]" = "iPhone Developer";
				COPY_PHASE_STRIP = NO;
				DEBUG_INFORMATION_FORMAT = dwarf;
				ENABLE_STRICT_OBJC_MSGSEND = YES;
				ENABLE_TESTABILITY = YES;
				GCC_C_LANGUAGE_STANDARD = gnu99;
				GCC_DYNAMIC_NO_PIC = NO;
				GCC_NO_COMMON_BLOCKS = YES;
				GCC_OPTIMIZATION_LEVEL = 0;
				GCC_PREPROCESSOR_DEFINITIONS = (
					"DEBUG=1",
					"$(inherited)",
				);
				GCC_WARN_64_TO_32_BIT_CONVERSION = YES;
				GCC_WARN_ABOUT_RETURN_TYPE = YES_ERROR;
				GCC_WARN_UNDECLARED_SELECTOR = YES;
				GCC_WARN_UNINITIALIZED_AUTOS = YES_AGGRESSIVE;
				GCC_WARN_UNUSED_FUNCTION = YES;
				GCC_WARN_UNUSED_VARIABLE = YES;
				IPHONEOS_DEPLOYMENT_TARGET = 9.2;
				MTL_ENABLE_DEBUG_INFO = YES;
				ONLY_ACTIVE_ARCH = YES;
				SDKROOT = iphoneos;
				TARGETED_DEVICE_FAMILY = "1,2";
			};
			name = Debug;
		};
		DA6AC92C1C781A9900973977 /* Release */ = {
			isa = XCBuildConfiguration;
			buildSettings = {
				ALWAYS_SEARCH_USER_PATHS = NO;
				CLANG_CXX_LANGUAGE_STANDARD = "gnu++0x";
				CLANG_CXX_LIBRARY = "libc++";
				CLANG_ENABLE_MODULES = YES;
				CLANG_ENABLE_OBJC_ARC = YES;
				CLANG_WARN_BOOL_CONVERSION = YES;
				CLANG_WARN_CONSTANT_CONVERSION = YES;
				CLANG_WARN_DIRECT_OBJC_ISA_USAGE = YES_ERROR;
				CLANG_WARN_EMPTY_BODY = YES;
				CLANG_WARN_ENUM_CONVERSION = YES;
				CLANG_WARN_INT_CONVERSION = YES;
				CLANG_WARN_OBJC_ROOT_CLASS = YES_ERROR;
				CLANG_WARN_UNREACHABLE_CODE = YES;
				CLANG_WARN__DUPLICATE_METHOD_MATCH = YES;
				"CODE_SIGN_IDENTITY[sdk=iphoneos*]" = "iPhone Developer";
				COPY_PHASE_STRIP = NO;
				DEBUG_INFORMATION_FORMAT = "dwarf-with-dsym";
				ENABLE_NS_ASSERTIONS = NO;
				ENABLE_STRICT_OBJC_MSGSEND = YES;
				GCC_C_LANGUAGE_STANDARD = gnu99;
				GCC_NO_COMMON_BLOCKS = YES;
				GCC_WARN_64_TO_32_BIT_CONVERSION = YES;
				GCC_WARN_ABOUT_RETURN_TYPE = YES_ERROR;
				GCC_WARN_UNDECLARED_SELECTOR = YES;
				GCC_WARN_UNINITIALIZED_AUTOS = YES_AGGRESSIVE;
				GCC_WARN_UNUSED_FUNCTION = YES;
				GCC_WARN_UNUSED_VARIABLE = YES;
				IPHONEOS_DEPLOYMENT_TARGET = 9.2;
				MTL_ENABLE_DEBUG_INFO = NO;
				SDKROOT = iphoneos;
				TARGETED_DEVICE_FAMILY = "1,2";
				VALIDATE_PRODUCT = YES;
			};
			name = Release;
		};
		DA6AC92E1C781A9900973977 /* Debug */ = {
			isa = XCBuildConfiguration;
			buildSettings = {
				ASSETCATALOG_COMPILER_APPICON_NAME = AppIcon;
				INFOPLIST_FILE = HoedownOCDemo/Info.plist;
				LD_RUNPATH_SEARCH_PATHS = "$(inherited) @executable_path/Frameworks";
				PRODUCT_BUNDLE_IDENTIFIER = io.marboo.HoedownOCDemo;
				PRODUCT_NAME = "$(TARGET_NAME)";
			};
			name = Debug;
		};
		DA6AC92F1C781A9900973977 /* Release */ = {
			isa = XCBuildConfiguration;
			buildSettings = {
				ASSETCATALOG_COMPILER_APPICON_NAME = AppIcon;
				INFOPLIST_FILE = HoedownOCDemo/Info.plist;
				LD_RUNPATH_SEARCH_PATHS = "$(inherited) @executable_path/Frameworks";
				PRODUCT_BUNDLE_IDENTIFIER = io.marboo.HoedownOCDemo;
				PRODUCT_NAME = "$(TARGET_NAME)";
			};
			name = Release;
		};
/* End XCBuildConfiguration section */

/* Begin XCConfigurationList section */
		DA6AC9111C781A9900973977 /* Build configuration list for PBXProject "HoedownOCDemo" */ = {
			isa = XCConfigurationList;
			buildConfigurations = (
				DA6AC92B1C781A9900973977 /* Debug */,
				DA6AC92C1C781A9900973977 /* Release */,
			);
			defaultConfigurationIsVisible = 0;
			defaultConfigurationName = Release;
		};
		DA6AC92D1C781A9900973977 /* Build configuration list for PBXNativeTarget "HoedownOCDemo" */ = {
			isa = XCConfigurationList;
			buildConfigurations = (
				DA6AC92E1C781A9900973977 /* Debug */,
				DA6AC92F1C781A9900973977 /* Release */,
			);
			defaultConfigurationIsVisible = 0;
		};
/* End XCConfigurationList section */
	};
	rootObject = DA6AC90E1C781A9900973977 /* Project object */;
}
